
Microsoft Visual Studio Solution File, Format Version 12.00
# Visual Studio Version 17
VisualStudioVersion = 17.14.36414.22 d17.14
MinimumVisualStudioVersion = 10.0.40219.1
Project("{FAE04EC0-301F-11D3-BF4B-00C04F79EFBC}") = "EmployeeRegistration", "EmployeeRegistration\EmployeeRegistration.csproj", "{47FA8F5C-8911-4DB7-A701-EF7B36F959F5}"
EndProject
Project("{FAE04EC0-301F-11D3-BF4B-00C04F79EFBC}") = "Domain", "Domain\Domain.csproj", "{63D13CB0-734A-4546-9D7E-C27213B1A733}"
EndProject
Project("{FAE04EC0-301F-11D3-BF4B-00C04F79EFBC}") = "Application", "Application\Application.csproj", "{3B46E745-9665-4A96-9D28-C822606431CD}"
EndProject
Project("{FAE04EC0-301F-11D3-BF4B-00C04F79EFBC}") = "Infrastructure", "Infrastructure\Infrastructure.csproj", "{96FA898F-F895-4C56-8E84-17FDC550FED2}"
EndProject
Global
	GlobalSection(SolutionConfigurationPlatforms) = preSolution
		Debug|Any CPU = Debug|Any CPU
		Release|Any CPU = Release|Any CPU
	EndGlobalSection
	GlobalSection(ProjectConfigurationPlatforms) = postSolution
		{47FA8F5C-8911-4DB7-A701-EF7B36F959F5}.Debug|Any CPU.ActiveCfg = Debug|Any CPU
		{47FA8F5C-8911-4DB7-A701-EF7B36F959F5}.Debug|Any CPU.Build.0 = Debug|Any CPU
		{47FA8F5C-8911-4DB7-A701-EF7B36F959F5}.Release|Any CPU.ActiveCfg = Release|Any CPU
		{47FA8F5C-8911-4DB7-A701-EF7B36F959F5}.Release|Any CPU.Build.0 = Release|Any CPU
		{63D13CB0-734A-4546-9D7E-C27213B1A733}.Debug|Any CPU.ActiveCfg = Debug|Any CPU
		{63D13CB0-734A-4546-9D7E-C27213B1A733}.Debug|Any CPU.Build.0 = Debug|Any CPU
		{63D13CB0-734A-4546-9D7E-C27213B1A733}.Release|Any CPU.ActiveCfg = Release|Any CPU
		{63D13CB0-734A-4546-9D7E-C27213B1A733}.Release|Any CPU.Build.0 = Release|Any CPU
		{3B46E745-9665-4A96-9D28-C822606431CD}.Debug|Any CPU.ActiveCfg = Debug|Any CPU
		{3B46E745-9665-4A96-9D28-C822606431CD}.Debug|Any CPU.Build.0 = Debug|Any CPU
		{3B46E745-9665-4A96-9D28-C822606431CD}.Release|Any CPU.ActiveCfg = Release|Any CPU
		{3B46E745-9665-4A96-9D28-C822606431CD}.Release|Any CPU.Build.0 = Release|Any CPU
		{96FA898F-F895-4C56-8E84-17FDC550FED2}.Debug|Any CPU.ActiveCfg = Debug|Any CPU
		{96FA898F-F895-4C56-8E84-17FDC550FED2}.Debug|Any CPU.Build.0 = Debug|Any CPU
		{96FA898F-F895-4C56-8E84-17FDC550FED2}.Release|Any CPU.ActiveCfg = Release|Any CPU
		{96FA898F-F895-4C56-8E84-17FDC550FED2}.Release|Any CPU.Build.0 = Release|Any CPU
	EndGlobalSection
	GlobalSection(SolutionProperties) = preSolution
		HideSolutionNode = FALSE
	EndGlobalSection
	GlobalSection(ExtensibilityGlobals) = postSolution
		SolutionGuid = {872CD34B-97BD-4A2A-84B4-84ABFBC521D0}
	EndGlobalSection
EndGlobal
